<?xml version="1.0" encoding="utf-8"?>
<Project ToolsVersion="4.0" xmlns="http://schemas.microsoft.com/developer/msbuild/2003">
  <ItemGroup>
    <Filter Include="Source Files">
      <UniqueIdentifier>{4FC737F1-C7A5-4376-A066-2A32D752A2FF}</UniqueIdentifier>
      <Extensions>cpp;c;cc;cxx;def;odl;idl;hpj;bat;asm;asmx</Extensions>
    </Filter>
    <Filter Include="Header Files">
      <UniqueIdentifier>{93995380-89BD-4b04-88EB-625FBE52EBFB}</UniqueIdentifier>
      <Extensions>h;hh;hpp;hxx;hm;inl;inc;xsd</Extensions>
    </Filter>
    <Filter Include="Resource Files">
      <UniqueIdentifier>{67DA6AB6-F800-4c08-8B7A-83BB121AAD01}</UniqueIdentifier>
      <Extensions>rc;ico;cur;bmp;dlg;rc2;rct;bin;rgs;gif;jpg;jpeg;jpe;resx;tiff;tif;png;wav;mfcribbon-ms</Extensions>
    </Filter>
    <Filter Include="Resource Files\shaders">
      <UniqueIdentifier>{af1ec427-23f4-4281-85b0-ff4ffcfde3b5}</UniqueIdentifier>
    </Filter>
    <Filter Include="Resource Files\models">
      <UniqueIdentifier>{a9078203-df9d-4ab6-ba4a-fc93490c2bdf}</UniqueIdentifier>
    </Filter>
  </ItemGroup>
  <ItemGroup>
    <None Include="..\res\models\sky.blend">
      <Filter>Resource Files\models</Filter>
    </None>
    <None Include="..\res\models\terrain.blend">
      <Filter>Resource Files\models</Filter>
    </None>
    <None Include="res\shaders\resolve.vert">
      <Filter>Resource Files\shaders</Filter>
    </None>
    <None Include="res\shaders\sky.frag">
      <Filter>Resource Files\shaders</Filter>
    </None>
    <None Include="res\shaders\sky.vert">
      <Filter>Resource Files\shaders</Filter>
    </None>
    <None Include="res\shaders\terrain.frag">
      <Filter>Resource Files\shaders</Filter>
    </None>
    <None Include="res\shaders\terrain.vert">
      <Filter>Resource Files\shaders</Filter>
    </None>
    <None Include="res\shaders\resolve_noise.frag">
      <Filter>Resource Files\shaders</Filter>
    </None>
    <None Include="res\shaders\resolve_tile.frag">
      <Filter>Resource Files\shaders</Filter>
    </None>
    <None Include="res\shaders\post.frag">
      <Filter>Resource Files\shaders</Filter>
    </None>
    <None Include="res\shaders\post.vert">
      <Filter>Resource Files\shaders</Filter>
    </None>
  </ItemGroup>
  <ItemGroup>
    <Image Include="..\res\window_icon.bmp">
      <Filter>Resource Files</Filter>
    </Image>
  </ItemGroup>
  <ItemGroup>
    <ClCompile Include="src\camera.cpp">
      <Filter>Source Files</Filter>
    </ClCompile>
    <ClCompile Include="src\fullscreen_quad.cpp">
      <Filter>Source Files</Filter>
    </ClCompile>
    <ClCompile Include="src\log.cpp">
      <Filter>Source Files</Filter>
    </ClCompile>
    <ClCompile Include="src\main.cpp">
      <Filter>Source Files</Filter>
    </ClCompile>
    <ClCompile Include="src\model.cpp">
      <Filter>Source Files</Filter>
    </ClCompile>
    <ClCompile Include="src\shader.cpp">
      <Filter>Source Files</Filter>
    </ClCompile>
    <ClCompile Include="src\texture.cpp">
      <Filter>Source Files</Filter>
    </ClCompile>
    <ClCompile Include="src\cloud_preprocess.cpp">
      <Filter>Source Files</Filter>
    </ClCompile>
    <ClCompile Include="src\cloud_tiling.cpp">
      <Filter>Source Files</Filter>
    </ClCompile>
  </ItemGroup>
  <ItemGroup>
    <ClInclude Include="src\camera.h">
      <Filter>Header Files</Filter>
    </ClInclude>
    <ClInclude Include="src\fullscreen_quad.h">
      <Filter>Header Files</Filter>
    </ClInclude>
    <ClInclude Include="src\log.h">
      <Filter>Header Files</Filter>
    </ClInclude>
    <ClInclude Include="src\model.h">
      <Filter>Header Files</Filter>
    </ClInclude>
    <ClInclude Include="src\shader.h">
      <Filter>Header Files</Filter>
    </ClInclude>
    <ClInclude Include="src\texture.h">
      <Filter>Header Files</Filter>
    </ClInclude>
    <ClInclude Include="src\cloud_preprocess.h">
      <Filter>Header Files</Filter>
    </ClInclude>
    <ClInclude Include="src\cloud_tiling.h">
      <Filter>Header Files</Filter>
    </ClInclude>
  </ItemGroup>
</Project>